
Microsoft Visual Studio Solution File, Format Version 12.00
# Visual Studio 14
VisualStudioVersion = 14.0.23107.0
MinimumVisualStudioVersion = 10.0.40219.1
Project("{8BC9CEB8-8B4A-11D0-8D11-00A0C91BC942}") = "UnitTest", "UnitTest\UnitTest.vcxproj", "{54B0DED5-B61F-48F1-96F9-043BCB5DE162}"
	ProjectSection(ProjectDependencies) = postProject
		{A3A8387F-9C65-4C46-8C0F-8B3B9CA4C4F5} = {A3A8387F-9C65-4C46-8C0F-8B3B9CA4C4F5}
	EndProjectSection
EndProject
Project("{8BC9CEB8-8B4A-11D0-8D11-00A0C91BC942}") = "lua", "lua\lua.vcxproj", "{D42BA7CC-64EA-49B6-8731-9D571C5D3A3B}"
EndProject
Project("{8BC9CEB8-8B4A-11D0-8D11-00A0C91BC942}") = "univ", "univ\univ.vcxproj", "{A3A8387F-9C65-4C46-8C0F-8B3B9CA4C4F5}"
	ProjectSection(ProjectDependencies) = postProject
		{D42BA7CC-64EA-49B6-8731-9D571C5D3A3B} = {D42BA7CC-64EA-49B6-8731-9D571C5D3A3B}
	EndProjectSection
EndProject
Project("{8BC9CEB8-8B4A-11D0-8D11-00A0C91BC942}") = "SloongGraphics", "graphics\SloongGraphics.vcxproj", "{78DBD20E-C94A-4221-ADA0-289D19ECD733}"
EndProject
Project("{8BC9CEB8-8B4A-11D0-8D11-00A0C91BC942}") = "SloongMath", "math\SLoongMath.vcxproj", "{2C099C1F-DEDC-4EE9-9C9D-1A4EB763BBAE}"
EndProject
Project("{8BC9CEB8-8B4A-11D0-8D11-00A0C91BC942}") = "ResLibrary", "res\ResLibrary.vcxproj", "{4B59186F-863B-4F74-9DC0-A0ECFB29E3B6}"
EndProject
Global
	GlobalSection(SolutionConfigurationPlatforms) = preSolution
		Debug|x64 = Debug|x64
		Release|x64 = Release|x64
		UnitTest|x64 = UnitTest|x64
	EndGlobalSection
	GlobalSection(ProjectConfigurationPlatforms) = postSolution
		{54B0DED5-B61F-48F1-96F9-043BCB5DE162}.Debug|x64.ActiveCfg = Debug|x64
		{54B0DED5-B61F-48F1-96F9-043BCB5DE162}.Debug|x64.Build.0 = Debug|x64
		{54B0DED5-B61F-48F1-96F9-043BCB5DE162}.Release|x64.ActiveCfg = Release|x64
		{54B0DED5-B61F-48F1-96F9-043BCB5DE162}.Release|x64.Build.0 = Release|x64
		{54B0DED5-B61F-48F1-96F9-043BCB5DE162}.UnitTest|x64.ActiveCfg = Release|x64
		{54B0DED5-B61F-48F1-96F9-043BCB5DE162}.UnitTest|x64.Build.0 = Release|x64
		{D42BA7CC-64EA-49B6-8731-9D571C5D3A3B}.Debug|x64.ActiveCfg = Debug|x64
		{D42BA7CC-64EA-49B6-8731-9D571C5D3A3B}.Debug|x64.Build.0 = Debug|x64
		{D42BA7CC-64EA-49B6-8731-9D571C5D3A3B}.Release|x64.ActiveCfg = Release|x64
		{D42BA7CC-64EA-49B6-8731-9D571C5D3A3B}.Release|x64.Build.0 = Release|x64
		{D42BA7CC-64EA-49B6-8731-9D571C5D3A3B}.UnitTest|x64.ActiveCfg = Release|x64
		{D42BA7CC-64EA-49B6-8731-9D571C5D3A3B}.UnitTest|x64.Build.0 = Release|x64
		{A3A8387F-9C65-4C46-8C0F-8B3B9CA4C4F5}.Debug|x64.ActiveCfg = Debug|x64
		{A3A8387F-9C65-4C46-8C0F-8B3B9CA4C4F5}.Debug|x64.Build.0 = Debug|x64
		{A3A8387F-9C65-4C46-8C0F-8B3B9CA4C4F5}.Release|x64.ActiveCfg = Release|x64
		{A3A8387F-9C65-4C46-8C0F-8B3B9CA4C4F5}.Release|x64.Build.0 = Release|x64
		{A3A8387F-9C65-4C46-8C0F-8B3B9CA4C4F5}.UnitTest|x64.ActiveCfg = Release|x64
		{A3A8387F-9C65-4C46-8C0F-8B3B9CA4C4F5}.UnitTest|x64.Build.0 = Release|x64
		{78DBD20E-C94A-4221-ADA0-289D19ECD733}.Debug|x64.ActiveCfg = Debug|x64
		{78DBD20E-C94A-4221-ADA0-289D19ECD733}.Debug|x64.Build.0 = Debug|x64
		{78DBD20E-C94A-4221-ADA0-289D19ECD733}.Release|x64.ActiveCfg = Release|x64
		{78DBD20E-C94A-4221-ADA0-289D19ECD733}.Release|x64.Build.0 = Release|x64
		{78DBD20E-C94A-4221-ADA0-289D19ECD733}.UnitTest|x64.ActiveCfg = Release|x64
		{78DBD20E-C94A-4221-ADA0-289D19ECD733}.UnitTest|x64.Build.0 = Release|x64
		{2C099C1F-DEDC-4EE9-9C9D-1A4EB763BBAE}.Debug|x64.ActiveCfg = Debug|x64
		{2C099C1F-DEDC-4EE9-9C9D-1A4EB763BBAE}.Debug|x64.Build.0 = Debug|x64
		{2C099C1F-DEDC-4EE9-9C9D-1A4EB763BBAE}.Release|x64.ActiveCfg = Release|x64
		{2C099C1F-DEDC-4EE9-9C9D-1A4EB763BBAE}.Release|x64.Build.0 = Release|x64
		{2C099C1F-DEDC-4EE9-9C9D-1A4EB763BBAE}.UnitTest|x64.ActiveCfg = Release|x64
		{2C099C1F-DEDC-4EE9-9C9D-1A4EB763BBAE}.UnitTest|x64.Build.0 = Release|x64
		{4B59186F-863B-4F74-9DC0-A0ECFB29E3B6}.Debug|x64.ActiveCfg = Debug|x64
		{4B59186F-863B-4F74-9DC0-A0ECFB29E3B6}.Debug|x64.Build.0 = Debug|x64
		{4B59186F-863B-4F74-9DC0-A0ECFB29E3B6}.Release|x64.ActiveCfg = Release|x64
		{4B59186F-863B-4F74-9DC0-A0ECFB29E3B6}.Release|x64.Build.0 = Release|x64
		{4B59186F-863B-4F74-9DC0-A0ECFB29E3B6}.UnitTest|x64.ActiveCfg = UnitTest|x64
		{4B59186F-863B-4F74-9DC0-A0ECFB29E3B6}.UnitTest|x64.Build.0 = UnitTest|x64
	EndGlobalSection
	GlobalSection(SolutionProperties) = preSolution
		HideSolutionNode = FALSE
	EndGlobalSection
EndGlobal
