
Microsoft Visual Studio Solution File, Format Version 12.00
# Visual Studio 2013
VisualStudioVersion = 12.0.30723.0
MinimumVisualStudioVersion = 10.0.40219.1
Project("{8BC9CEB8-8B4A-11D0-8D11-00A0C91BC942}") = "SloongADO", "SloongADO\SloongADO.vcxproj", "{CEB9310F-1F7E-46E9-B505-AF70DD9AEEBC}"
EndProject
Project("{8BC9CEB8-8B4A-11D0-8D11-00A0C91BC942}") = "UnitTest", "UnitTest\UnitTest.vcxproj", "{AEE8B559-48B0-478D-8715-71AC18FF8077}"
	ProjectSection(ProjectDependencies) = postProject
		{CEB9310F-1F7E-46E9-B505-AF70DD9AEEBC} = {CEB9310F-1F7E-46E9-B505-AF70DD9AEEBC}
	EndProjectSection
EndProject
Global
	GlobalSection(TeamFoundationVersionControl) = preSolution
		SccNumberOfProjects = 3
		SccEnterpriseProvider = {4CA58AB2-18FA-4F8D-95D4-32DDF27D184C}
		SccTeamFoundationServer = http://serv-tfs:8080/tfs/soaringloong
		SccLocalPath0 = .
		SccProjectUniqueName1 = SloongADO\\SloongADO.vcxproj
		SccProjectName1 = SloongADO
		SccLocalPath1 = SloongADO
		SccProjectUniqueName2 = UnitTest\\UnitTest.vcxproj
		SccProjectName2 = UnitTest
		SccLocalPath2 = UnitTest
	EndGlobalSection
	GlobalSection(SolutionConfigurationPlatforms) = preSolution
		Debug|Win32 = Debug|Win32
		Release|Win32 = Release|Win32
	EndGlobalSection
	GlobalSection(ProjectConfigurationPlatforms) = postSolution
		{CEB9310F-1F7E-46E9-B505-AF70DD9AEEBC}.Debug|Win32.ActiveCfg = Debug|Win32
		{CEB9310F-1F7E-46E9-B505-AF70DD9AEEBC}.Debug|Win32.Build.0 = Debug|Win32
		{CEB9310F-1F7E-46E9-B505-AF70DD9AEEBC}.Release|Win32.ActiveCfg = Release|Win32
		{CEB9310F-1F7E-46E9-B505-AF70DD9AEEBC}.Release|Win32.Build.0 = Release|Win32
		{AEE8B559-48B0-478D-8715-71AC18FF8077}.Debug|Win32.ActiveCfg = Debug|Win32
		{AEE8B559-48B0-478D-8715-71AC18FF8077}.Debug|Win32.Build.0 = Debug|Win32
		{AEE8B559-48B0-478D-8715-71AC18FF8077}.Release|Win32.ActiveCfg = Release|Win32
		{AEE8B559-48B0-478D-8715-71AC18FF8077}.Release|Win32.Build.0 = Release|Win32
	EndGlobalSection
	GlobalSection(SolutionProperties) = preSolution
		HideSolutionNode = FALSE
	EndGlobalSection
EndGlobal
