<?xml version="1.0" encoding="utf-8"?>
<Project ToolsVersion="4.0" xmlns="http://schemas.microsoft.com/developer/msbuild/2003">
  <ItemGroup>
    <Filter Include="Resource Files">
      <UniqueIdentifier>{67DA6AB6-F800-4c08-8B7A-83BB121AAD01}</UniqueIdentifier>
      <Extensions>rc;ico;cur;bmp;dlg;rc2;rct;bin;rgs;gif;jpg;jpeg;jpe;resx;tiff;tif;png;wav;mfcribbon-ms</Extensions>
    </Filter>
    <Filter Include="IDE Files">
      <UniqueIdentifier>{93995380-89BD-4b04-88EB-625FBE52EBFB}</UniqueIdentifier>
      <Extensions>h;hpp;hxx;hm;inl;inc;xsd</Extensions>
    </Filter>
    <Filter Include="SLUniversal Files">
      <UniqueIdentifier>{4FC737F1-C7A5-4376-A066-2A32D752A2FF}</UniqueIdentifier>
      <Extensions>cpp;c;cc;cxx;def;odl;idl;hpj;bat;asm;asmx</Extensions>
    </Filter>
    <Filter Include="SLUniversal Files\XML Parser System Files">
      <UniqueIdentifier>{89a8af0c-3b2e-45c5-b6d0-cd338461751f}</UniqueIdentifier>
    </Filter>
    <Filter Include="SLUniversal Files\XML Parser System Files\TinyXML Include Files">
      <UniqueIdentifier>{1f0f5f12-91af-43c9-b3e7-9e390f1559f9}</UniqueIdentifier>
    </Filter>
    <Filter Include="SLUniversal Files\Token Parser System Files">
      <UniqueIdentifier>{6b615b79-19b5-4feb-a6d9-747a783d2046}</UniqueIdentifier>
    </Filter>
    <Filter Include="SLUniversal Files\CMD Parser System Files">
      <UniqueIdentifier>{916dbe34-d87f-4f47-b867-18cbd439a97c}</UniqueIdentifier>
    </Filter>
  </ItemGroup>
  <ItemGroup>
    <ClInclude Include="stdafx.h">
      <Filter>IDE Files</Filter>
    </ClInclude>
    <ClInclude Include="targetver.h">
      <Filter>IDE Files</Filter>
    </ClInclude>
    <ClInclude Include="resource.h">
      <Filter>IDE Files</Filter>
    </ClInclude>
    <ClInclude Include="SLUniversal.h">
      <Filter>SLUniversal Files</Filter>
    </ClInclude>
    <ClInclude Include="ScriptParsing.h">
      <Filter>IDE Files</Filter>
    </ClInclude>
    <ClInclude Include="tinystr.h">
      <Filter>IDE Files</Filter>
    </ClInclude>
    <ClInclude Include="tinyxml.h">
      <Filter>IDE Files</Filter>
    </ClInclude>
    <ClInclude Include="SLoongError.h">
      <Filter>SLUniversal Files</Filter>
    </ClInclude>
  </ItemGroup>
  <ItemGroup>
    <ClCompile Include="SLUniversal.cpp">
      <Filter>SLUniversal Files</Filter>
    </ClCompile>
    <ClCompile Include="LinkList.cpp">
      <Filter>SLUniversal Files</Filter>
    </ClCompile>
    <ClCompile Include="dllmain.cpp">
      <Filter>IDE Files</Filter>
    </ClCompile>
    <ClCompile Include="stdafx.cpp">
      <Filter>IDE Files</Filter>
    </ClCompile>
    <ClCompile Include="XMLParser.cpp">
      <Filter>SLUniversal Files\XML Parser System Files</Filter>
    </ClCompile>
    <ClCompile Include="tinystr.cpp">
      <Filter>SLUniversal Files\XML Parser System Files\TinyXML Include Files</Filter>
    </ClCompile>
    <ClCompile Include="tinyxml.cpp">
      <Filter>SLUniversal Files\XML Parser System Files\TinyXML Include Files</Filter>
    </ClCompile>
    <ClCompile Include="tinyxmlerror.cpp">
      <Filter>SLUniversal Files\XML Parser System Files\TinyXML Include Files</Filter>
    </ClCompile>
    <ClCompile Include="tinyxmlparser.cpp">
      <Filter>SLUniversal Files\XML Parser System Files\TinyXML Include Files</Filter>
    </ClCompile>
    <ClCompile Include="TokenParser.cpp">
      <Filter>SLUniversal Files\Token Parser System Files</Filter>
    </ClCompile>
    <ClCompile Include="CMDParser.cpp">
      <Filter>SLUniversal Files\CMD Parser System Files</Filter>
    </ClCompile>
    <ClCompile Include="LogSystem.cpp">
      <Filter>SLUniversal Files</Filter>
    </ClCompile>
  </ItemGroup>
  <ItemGroup>
    <ResourceCompile Include="SLUniversal.rc">
      <Filter>Resource Files</Filter>
    </ResourceCompile>
  </ItemGroup>
</Project>