
Microsoft Visual Studio Solution File, Format Version 12.00
# Visual Studio 2013
VisualStudioVersion = 12.0.30723.0
MinimumVisualStudioVersion = 10.0.40219.1
Project("{8BC9CEB8-8B4A-11D0-8D11-00A0C91BC942}") = "SLMath", "SLoongMath\SLoongMath.vcxproj", "{2C099C1F-DEDC-4EE9-9C9D-1A4EB763BBAE}"
EndProject
Project("{8BC9CEB8-8B4A-11D0-8D11-00A0C91BC942}") = "UnitTest", "UnitTest\UnitTest.vcxproj", "{7A738474-F063-440A-A90A-36A68FA60C76}"
	ProjectSection(ProjectDependencies) = postProject
		{2C099C1F-DEDC-4EE9-9C9D-1A4EB763BBAE} = {2C099C1F-DEDC-4EE9-9C9D-1A4EB763BBAE}
	EndProjectSection
EndProject
Global
	GlobalSection(TeamFoundationVersionControl) = preSolution
		SccNumberOfProjects = 3
		SccEnterpriseProvider = {4CA58AB2-18FA-4F8D-95D4-32DDF27D184C}
		SccTeamFoundationServer = http://serv-tfs:8080/tfs/soaringloong
		SccProjectUniqueName0 = SLoongMath\\SLoongMath.vcxproj
		SccProjectName0 = SLoongMath
		SccLocalPath0 = SLoongMath
		SccProjectUniqueName1 = UnitTest\\UnitTest.vcxproj
		SccProjectName1 = UnitTest
		SccLocalPath1 = UnitTest
		SccLocalPath2 = .
	EndGlobalSection
	GlobalSection(SolutionConfigurationPlatforms) = preSolution
		Debug|x64 = Debug|x64
		Debug|x86 = Debug|x86
		Release|x64 = Release|x64
		Release|x86 = Release|x86
	EndGlobalSection
	GlobalSection(ProjectConfigurationPlatforms) = postSolution
		{2C099C1F-DEDC-4EE9-9C9D-1A4EB763BBAE}.Debug|x64.ActiveCfg = Debug|x64
		{2C099C1F-DEDC-4EE9-9C9D-1A4EB763BBAE}.Debug|x64.Build.0 = Debug|x64
		{2C099C1F-DEDC-4EE9-9C9D-1A4EB763BBAE}.Debug|x86.ActiveCfg = Debug|Win32
		{2C099C1F-DEDC-4EE9-9C9D-1A4EB763BBAE}.Debug|x86.Build.0 = Debug|Win32
		{2C099C1F-DEDC-4EE9-9C9D-1A4EB763BBAE}.Release|x64.ActiveCfg = Release|x64
		{2C099C1F-DEDC-4EE9-9C9D-1A4EB763BBAE}.Release|x64.Build.0 = Release|x64
		{2C099C1F-DEDC-4EE9-9C9D-1A4EB763BBAE}.Release|x86.ActiveCfg = Release|Win32
		{2C099C1F-DEDC-4EE9-9C9D-1A4EB763BBAE}.Release|x86.Build.0 = Release|Win32
		{7A738474-F063-440A-A90A-36A68FA60C76}.Debug|x64.ActiveCfg = Debug|x64
		{7A738474-F063-440A-A90A-36A68FA60C76}.Debug|x64.Build.0 = Debug|x64
		{7A738474-F063-440A-A90A-36A68FA60C76}.Debug|x86.ActiveCfg = Debug|Win32
		{7A738474-F063-440A-A90A-36A68FA60C76}.Debug|x86.Build.0 = Debug|Win32
		{7A738474-F063-440A-A90A-36A68FA60C76}.Release|x64.ActiveCfg = Release|x64
		{7A738474-F063-440A-A90A-36A68FA60C76}.Release|x86.ActiveCfg = Release|Win32
		{7A738474-F063-440A-A90A-36A68FA60C76}.Release|x86.Build.0 = Release|Win32
	EndGlobalSection
	GlobalSection(SolutionProperties) = preSolution
		HideSolutionNode = FALSE
	EndGlobalSection
EndGlobal
