
Microsoft Visual Studio Solution File, Format Version 12.00
# Visual Studio 2013
VisualStudioVersion = 12.0.21005.1
MinimumVisualStudioVersion = 10.0.40219.1
Project("{8BC9CEB8-8B4A-11D0-8D11-00A0C91BC942}") = "SloongADO", "SloongADO\SloongADO.vcxproj", "{7003338E-390E-4ACC-878A-981BADA54450}"
EndProject
Project("{8BC9CEB8-8B4A-11D0-8D11-00A0C91BC942}") = "UnitTest", "UnitTest\UnitTest.vcxproj", "{FC3F9A11-685C-4D74-8EC6-B9D94263ABCA}"
EndProject
Global
	GlobalSection(SolutionConfigurationPlatforms) = preSolution
		Debug|Win32 = Debug|Win32
		Release|Win32 = Release|Win32
	EndGlobalSection
	GlobalSection(ProjectConfigurationPlatforms) = postSolution
		{7003338E-390E-4ACC-878A-981BADA54450}.Debug|Win32.ActiveCfg = Debug|Win32
		{7003338E-390E-4ACC-878A-981BADA54450}.Debug|Win32.Build.0 = Debug|Win32
		{7003338E-390E-4ACC-878A-981BADA54450}.Release|Win32.ActiveCfg = Release|Win32
		{7003338E-390E-4ACC-878A-981BADA54450}.Release|Win32.Build.0 = Release|Win32
		{FC3F9A11-685C-4D74-8EC6-B9D94263ABCA}.Debug|Win32.ActiveCfg = Debug|Win32
		{FC3F9A11-685C-4D74-8EC6-B9D94263ABCA}.Debug|Win32.Build.0 = Debug|Win32
		{FC3F9A11-685C-4D74-8EC6-B9D94263ABCA}.Release|Win32.ActiveCfg = Release|Win32
		{FC3F9A11-685C-4D74-8EC6-B9D94263ABCA}.Release|Win32.Build.0 = Release|Win32
	EndGlobalSection
	GlobalSection(SolutionProperties) = preSolution
		HideSolutionNode = FALSE
	EndGlobalSection
EndGlobal
